
Microsoft Visual Studio Solution File, Format Version 12.00
# Visual Studio 15
VisualStudioVersion = 15.0.28307.1209
MinimumVisualStudioVersion = 10.0.40219.1
Project("{FAE04EC0-301F-11D3-BF4B-00C04F79EFBC}") = "ConsoleApp1", "ConsoleApp1\ConsoleApp1.csproj", "{1F4103F0-C65F-4C84-A161-7AF47C598281}"
EndProject
Global
	GlobalSection(SolutionConfigurationPlatforms) = preSolution
		Debug|Any CPU = Debug|Any CPU
		Release|Any CPU = Release|Any CPU
	EndGlobalSection
	GlobalSection(ProjectConfigurationPlatforms) = postSolution
		{1F4103F0-C65F-4C84-A161-7AF47C598281}.Debug|Any CPU.ActiveCfg = Debug|Any CPU
		{1F4103F0-C65F-4C84-A161-7AF47C598281}.Debug|Any CPU.Build.0 = Debug|Any CPU
		{1F4103F0-C65F-4C84-A161-7AF47C598281}.Release|Any CPU.ActiveCfg = Release|Any CPU
		{1F4103F0-C65F-4C84-A161-7AF47C598281}.Release|Any CPU.Build.0 = Release|Any CPU
	EndGlobalSection
	GlobalSection(SolutionProperties) = preSolution
		HideSolutionNode = FALSE
	EndGlobalSection
	GlobalSection(ExtensibilityGlobals) = postSolution
		SolutionGuid = {448DDC83-5392-45F7-9C69-1C4F3A83D95B}
	EndGlobalSection
EndGlobal
